// !$*UTF8*$!
{
	archiveVersion = 1;
	classes = {
	};
	objectVersion = 46;
	objects = {

/* Begin PBXFileReference section */
		B376A7891F33787F0067F61B /* code */ = {isa = PBXFileReference; lastKnownFileType = folder; path = code; sourceTree = "<group>"; };
		B376A78A1F33787F0067F61B /* css */ = {isa = PBXFileReference; lastKnownFileType = folder; path = css; sourceTree = "<group>"; };
		B376A78B1F33787F0067F61B /* font-awesome */ = {isa = PBXFileReference; lastKnownFileType = folder; path = "font-awesome"; sourceTree = "<group>"; };
		B376A78C1F33787F0067F61B /* images */ = {isa = PBXFileReference; lastKnownFileType = folder; path = images; sourceTree = "<group>"; };
		B376A78D1F33787F0067F61B /* index.html */ = {isa = PBXFileReference; lastKnownFileType = text.html; path = index.html; sourceTree = "<group>"; };
		B376A78E1F33787F0067F61B /* index111.html */ = {isa = PBXFileReference; lastKnownFileType = text.html; path = index111.html; sourceTree = "<group>"; };
		B376A78F1F33787F0067F61B /* js */ = {isa = PBXFileReference; lastKnownFileType = folder; path = js; sourceTree = "<group>"; };
/* End PBXFileReference section */

/* Begin PBXGroup section */
		B376A7821F3377B10067F61B = {
			isa = PBXGroup;
			children = (
				B376A7891F33787F0067F61B /* code */,
				B376A78A1F33787F0067F61B /* css */,
				B376A78B1F33787F0067F61B /* font-awesome */,
				B376A78C1F33787F0067F61B /* images */,
				B376A78D1F33787F0067F61B /* index.html */,
				B376A78E1F33787F0067F61B /* index111.html */,
				B376A78F1F33787F0067F61B /* js */,
			);
			sourceTree = "<group>";
		};
/* End PBXGroup section */

/* Begin PBXProject section */
		B376A7831F3377B10067F61B /* Project object */ = {
			isa = PBXProject;
			attributes = {
				LastUpgradeCheck = 0830;
			};
			buildConfigurationList = B376A7861F3377B10067F61B /* Build configuration list for PBXProject "Ngnix_Web" */;
			compatibilityVersion = "Xcode 3.2";
			developmentRegion = English;
			hasScannedForEncodings = 0;
			knownRegions = (
				en,
			);
			mainGroup = B376A7821F3377B10067F61B;
			projectDirPath = "";
			projectRoot = "";
			targets = (
			);
		};
/* End PBXProject section */

/* Begin XCBuildConfiguration section */
		B376A7871F3377B10067F61B /* Debug */ = {
			isa = XCBuildConfiguration;
			buildSettings = {
			};
			name = Debug;
		};
		B376A7881F3377B10067F61B /* Release */ = {
			isa = XCBuildConfiguration;
			buildSettings = {
			};
			name = Release;
		};
/* End XCBuildConfiguration section */

/* Begin XCConfigurationList section */
		B376A7861F3377B10067F61B /* Build configuration list for PBXProject "Ngnix_Web" */ = {
			isa = XCConfigurationList;
			buildConfigurations = (
				B376A7871F3377B10067F61B /* Debug */,
				B376A7881F3377B10067F61B /* Release */,
			);
			defaultConfigurationIsVisible = 0;
			defaultConfigurationName = Release;
		};
/* End XCConfigurationList section */
	};
	rootObject = B376A7831F3377B10067F61B /* Project object */;
}
